// !$*UTF8*$!
{
	archiveVersion = 1;
	classes = {
	};
	objectVersion = 56;
	objects = {

/* Begin PBXBuildFile section */
		76606FA92AF8EA01007AD595 /* Friend.m in Sources */ = {isa = PBXBuildFile; fileRef = 76606FA82AF8EA01007AD595 /* Friend.m */; };
		768ECA852AF8CE9600CAE74C /* AppDelegate.m in Sources */ = {isa = PBXBuildFile; fileRef = 768ECA842AF8CE9600CAE74C /* AppDelegate.m */; };
		768ECA882AF8CE9600CAE74C /* SceneDelegate.m in Sources */ = {isa = PBXBuildFile; fileRef = 768ECA872AF8CE9600CAE74C /* SceneDelegate.m */; };
		768ECA8B2AF8CE9600CAE74C /* ViewController.m in Sources */ = {isa = PBXBuildFile; fileRef = 768ECA8A2AF8CE9600CAE74C /* ViewController.m */; };
		768ECA8E2AF8CE9600CAE74C /* Main.storyboard in Resources */ = {isa = PBXBuildFile; fileRef = 768ECA8C2AF8CE9600CAE74C /* Main.storyboard */; };
		768ECA902AF8CE9700CAE74C /* Assets.xcassets in Resources */ = {isa = PBXBuildFile; fileRef = 768ECA8F2AF8CE9700CAE74C /* Assets.xcassets */; };
		768ECA932AF8CE9700CAE74C /* LaunchScreen.storyboard in Resources */ = {isa = PBXBuildFile; fileRef = 768ECA912AF8CE9700CAE74C /* LaunchScreen.storyboard */; };
		768ECA962AF8CE9700CAE74C /* main.m in Sources */ = {isa = PBXBuildFile; fileRef = 768ECA952AF8CE9700CAE74C /* main.m */; };
/* End PBXBuildFile section */

/* Begin PBXFileReference section */
		76606FA82AF8EA01007AD595 /* Friend.m */ = {isa = PBXFileReference; lastKnownFileType = sourcecode.c.objc; path = Friend.m; sourceTree = "<group>"; };
		76606FAA2AF8EA0B007AD595 /* Friend.h */ = {isa = PBXFileReference; lastKnownFileType = sourcecode.c.h; path = Friend.h; sourceTree = "<group>"; };
		768ECA802AF8CE9600CAE74C /* Obj-C_tutorial.app */ = {isa = PBXFileReference; explicitFileType = wrapper.application; includeInIndex = 0; path = "Obj-C_tutorial.app"; sourceTree = BUILT_PRODUCTS_DIR; };
		768ECA832AF8CE9600CAE74C /* AppDelegate.h */ = {isa = PBXFileReference; lastKnownFileType = sourcecode.c.h; path = AppDelegate.h; sourceTree = "<group>"; };
		768ECA842AF8CE9600CAE74C /* AppDelegate.m */ = {isa = PBXFileReference; lastKnownFileType = sourcecode.c.objc; path = AppDelegate.m; sourceTree = "<group>"; };
		768ECA862AF8CE9600CAE74C /* SceneDelegate.h */ = {isa = PBXFileReference; lastKnownFileType = sourcecode.c.h; path = SceneDelegate.h; sourceTree = "<group>"; };
		768ECA872AF8CE9600CAE74C /* SceneDelegate.m */ = {isa = PBXFileReference; lastKnownFileType = sourcecode.c.objc; path = SceneDelegate.m; sourceTree = "<group>"; };
		768ECA892AF8CE9600CAE74C /* ViewController.h */ = {isa = PBXFileReference; lastKnownFileType = sourcecode.c.h; path = ViewController.h; sourceTree = "<group>"; };
		768ECA8A2AF8CE9600CAE74C /* ViewController.m */ = {isa = PBXFileReference; lastKnownFileType = sourcecode.c.objc; path = ViewController.m; sourceTree = "<group>"; };
		768ECA8D2AF8CE9600CAE74C /* Base */ = {isa = PBXFileReference; lastKnownFileType = file.storyboard; name = Base; path = Base.lproj/Main.storyboard; sourceTree = "<group>"; };
		768ECA8F2AF8CE9700CAE74C /* Assets.xcassets */ = {isa = PBXFileReference; lastKnownFileType = folder.assetcatalog; path = Assets.xcassets; sourceTree = "<group>"; };
		768ECA922AF8CE9700CAE74C /* Base */ = {isa = PBXFileReference; lastKnownFileType = file.storyboard; name = Base; path = Base.lproj/LaunchScreen.storyboard; sourceTree = "<group>"; };
		768ECA942AF8CE9700CAE74C /* Info.plist */ = {isa = PBXFileReference; lastKnownFileType = text.plist.xml; path = Info.plist; sourceTree = "<group>"; };
		768ECA952AF8CE9700CAE74C /* main.m */ = {isa = PBXFileReference; lastKnownFileType = sourcecode.c.objc; path = main.m; sourceTree = "<group>"; };
/* End PBXFileReference section */

/* Begin PBXFrameworksBuildPhase section */
		768ECA7D2AF8CE9600CAE74C /* Frameworks */ = {
			isa = PBXFrameworksBuildPhase;
			buildActionMask = 2147483647;
			files = (
			);
			runOnlyForDeploymentPostprocessing = 0;
		};
/* End PBXFrameworksBuildPhase section */

/* Begin PBXGroup section */
		768ECA772AF8CE9600CAE74C = {
			isa = PBXGroup;
			children = (
				768ECA822AF8CE9600CAE74C /* Obj-C_tutorial */,
				768ECA812AF8CE9600CAE74C /* Products */,
			);
			sourceTree = "<group>";
		};
		768ECA812AF8CE9600CAE74C /* Products */ = {
			isa = PBXGroup;
			children = (
				768ECA802AF8CE9600CAE74C /* Obj-C_tutorial.app */,
			);
			name = Products;
			sourceTree = "<group>";
		};
		768ECA822AF8CE9600CAE74C /* Obj-C_tutorial */ = {
			isa = PBXGroup;
			children = (
				768ECA832AF8CE9600CAE74C /* AppDelegate.h */,
				768ECA842AF8CE9600CAE74C /* AppDelegate.m */,
				768ECA862AF8CE9600CAE74C /* SceneDelegate.h */,
				768ECA872AF8CE9600CAE74C /* SceneDelegate.m */,
				768ECA892AF8CE9600CAE74C /* ViewController.h */,
				768ECA8A2AF8CE9600CAE74C /* ViewController.m */,
				76606FAA2AF8EA0B007AD595 /* Friend.h */,
				76606FA82AF8EA01007AD595 /* Friend.m */,
				768ECA8C2AF8CE9600CAE74C /* Main.storyboard */,
				768ECA8F2AF8CE9700CAE74C /* Assets.xcassets */,
				768ECA912AF8CE9700CAE74C /* LaunchScreen.storyboard */,
				768ECA942AF8CE9700CAE74C /* Info.plist */,
				768ECA952AF8CE9700CAE74C /* main.m */,
			);
			path = "Obj-C_tutorial";
			sourceTree = "<group>";
		};
/* End PBXGroup section */

/* Begin PBXNativeTarget section */
		768ECA7F2AF8CE9600CAE74C /* Obj-C_tutorial */ = {
			isa = PBXNativeTarget;
			buildConfigurationList = 768ECA992AF8CE9700CAE74C /* Build configuration list for PBXNativeTarget "Obj-C_tutorial" */;
			buildPhases = (
				768ECA7C2AF8CE9600CAE74C /* Sources */,
				768ECA7D2AF8CE9600CAE74C /* Frameworks */,
				768ECA7E2AF8CE9600CAE74C /* Resources */,
			);
			buildRules = (
			);
			dependencies = (
			);
			name = "Obj-C_tutorial";
			productName = "Obj-C_tutorial";
			productReference = 768ECA802AF8CE9600CAE74C /* Obj-C_tutorial.app */;
			productType = "com.apple.product-type.application";
		};
/* End PBXNativeTarget section */

/* Begin PBXProject section */
		768ECA782AF8CE9600CAE74C /* Project object */ = {
			isa = PBXProject;
			attributes = {
				BuildIndependentTargetsInParallel = 1;
				LastUpgradeCheck = 1430;
				TargetAttributes = {
					768ECA7F2AF8CE9600CAE74C = {
						CreatedOnToolsVersion = 14.3.1;
					};
				};
			};
			buildConfigurationList = 768ECA7B2AF8CE9600CAE74C /* Build configuration list for PBXProject "Obj-C_tutorial" */;
			compatibilityVersion = "Xcode 14.0";
			developmentRegion = en;
			hasScannedForEncodings = 0;
			knownRegions = (
				en,
				Base,
			);
			mainGroup = 768ECA772AF8CE9600CAE74C;
			productRefGroup = 768ECA812AF8CE9600CAE74C /* Products */;
			projectDirPath = "";
			projectRoot = "";
			targets = (
				768ECA7F2AF8CE9600CAE74C /* Obj-C_tutorial */,
			);
		};
/* End PBXProject section */

/* Begin PBXResourcesBuildPhase section */
		768ECA7E2AF8CE9600CAE74C /* Resources */ = {
			isa = PBXResourcesBuildPhase;
			buildActionMask = 2147483647;
			files = (
				768ECA932AF8CE9700CAE74C /* LaunchScreen.storyboard in Resources */,
				768ECA902AF8CE9700CAE74C /* Assets.xcassets in Resources */,
				768ECA8E2AF8CE9600CAE74C /* Main.storyboard in Resources */,
			);
			runOnlyForDeploymentPostprocessing = 0;
		};
/* End PBXResourcesBuildPhase section */

/* Begin PBXSourcesBuildPhase section */
		768ECA7C2AF8CE9600CAE74C /* Sources */ = {
			isa = PBXSourcesBuildPhase;
			buildActionMask = 2147483647;
			files = (
				768ECA8B2AF8CE9600CAE74C /* ViewController.m in Sources */,
				76606FA92AF8EA01007AD595 /* Friend.m in Sources */,
				768ECA852AF8CE9600CAE74C /* AppDelegate.m in Sources */,
				768ECA962AF8CE9700CAE74C /* main.m in Sources */,
				768ECA882AF8CE9600CAE74C /* SceneDelegate.m in Sources */,
			);
			runOnlyForDeploymentPostprocessing = 0;
		};
/* End PBXSourcesBuildPhase section */

/* Begin PBXVariantGroup section */
		768ECA8C2AF8CE9600CAE74C /* Main.storyboard */ = {
			isa = PBXVariantGroup;
			children = (
				768ECA8D2AF8CE9600CAE74C /* Base */,
			);
			name = Main.storyboard;
			sourceTree = "<group>";
		};
		768ECA912AF8CE9700CAE74C /* LaunchScreen.storyboard */ = {
			isa = PBXVariantGroup;
			children = (
				768ECA922AF8CE9700CAE74C /* Base */,
			);
			name = LaunchScreen.storyboard;
			sourceTree = "<group>";
		};
/* End PBXVariantGroup section */

/* Begin XCBuildConfiguration section */
		768ECA972AF8CE9700CAE74C /* Debug */ = {
			isa = XCBuildConfiguration;
			buildSettings = {
				ALWAYS_SEARCH_USER_PATHS = NO;
				CLANG_ANALYZER_NONNULL = YES;
				CLANG_ANALYZER_NUMBER_OBJECT_CONVERSION = YES_AGGRESSIVE;
				CLANG_CXX_LANGUAGE_STANDARD = "gnu++20";
				CLANG_ENABLE_MODULES = YES;
				CLANG_ENABLE_OBJC_ARC = YES;
				CLANG_ENABLE_OBJC_WEAK = YES;
				CLANG_WARN_BLOCK_CAPTURE_AUTORELEASING = YES;
				CLANG_WARN_BOOL_CONVERSION = YES;
				CLANG_WARN_COMMA = YES;
				CLANG_WARN_CONSTANT_CONVERSION = YES;
				CLANG_WARN_DEPRECATED_OBJC_IMPLEMENTATIONS = YES;
				CLANG_WARN_DIRECT_OBJC_ISA_USAGE = YES_ERROR;
				CLANG_WARN_DOCUMENTATION_COMMENTS = YES;
				CLANG_WARN_EMPTY_BODY = YES;
				CLANG_WARN_ENUM_CONVERSION = YES;
				CLANG_WARN_INFINITE_RECURSION = YES;
				CLANG_WARN_INT_CONVERSION = YES;
				CLANG_WARN_NON_LITERAL_NULL_CONVERSION = YES;
				CLANG_WARN_OBJC_IMPLICIT_RETAIN_SELF = YES;
				CLANG_WARN_OBJC_LITERAL_CONVERSION = YES;
				CLANG_WARN_OBJC_ROOT_CLASS = YES_ERROR;
				CLANG_WARN_QUOTED_INCLUDE_IN_FRAMEWORK_HEADER = YES;
				CLANG_WARN_RANGE_LOOP_ANALYSIS = YES;
				CLANG_WARN_STRICT_PROTOTYPES = YES;
				CLANG_WARN_SUSPICIOUS_MOVE = YES;
				CLANG_WARN_UNGUARDED_AVAILABILITY = YES_AGGRESSIVE;
				CLANG_WARN_UNREACHABLE_CODE = YES;
				CLANG_WARN__DUPLICATE_METHOD_MATCH = YES;
				COPY_PHASE_STRIP = NO;
				DEBUG_INFORMATION_FORMAT = dwarf;
				ENABLE_STRICT_OBJC_MSGSEND = YES;
				ENABLE_TESTABILITY = YES;
				GCC_C_LANGUAGE_STANDARD = gnu11;
				GCC_DYNAMIC_NO_PIC = NO;
				GCC_NO_COMMON_BLOCKS = YES;
				GCC_OPTIMIZATION_LEVEL = 0;
				GCC_PREPROCESSOR_DEFINITIONS = (
					"DEBUG=1",
					"$(inherited)",
				);
				GCC_WARN_64_TO_32_BIT_CONVERSION = YES;
				GCC_WARN_ABOUT_RETURN_TYPE = YES_ERROR;
				GCC_WARN_UNDECLARED_SELECTOR = YES;
				GCC_WARN_UNINITIALIZED_AUTOS = YES_AGGRESSIVE;
				GCC_WARN_UNUSED_FUNCTION = YES;
				GCC_WARN_UNUSED_VARIABLE = YES;
				IPHONEOS_DEPLOYMENT_TARGET = 16.4;
				MTL_ENABLE_DEBUG_INFO = INCLUDE_SOURCE;
				MTL_FAST_MATH = YES;
				ONLY_ACTIVE_ARCH = YES;
				SDKROOT = iphoneos;
			};
			name = Debug;
		};
		768ECA982AF8CE9700CAE74C /* Release */ = {
			isa = XCBuildConfiguration;
			buildSettings = {
				ALWAYS_SEARCH_USER_PATHS = NO;
				CLANG_ANALYZER_NONNULL = YES;
				CLANG_ANALYZER_NUMBER_OBJECT_CONVERSION = YES_AGGRESSIVE;
				CLANG_CXX_LANGUAGE_STANDARD = "gnu++20";
				CLANG_ENABLE_MODULES = YES;
				CLANG_ENABLE_OBJC_ARC = YES;
				CLANG_ENABLE_OBJC_WEAK = YES;
				CLANG_WARN_BLOCK_CAPTURE_AUTORELEASING = YES;
				CLANG_WARN_BOOL_CONVERSION = YES;
				CLANG_WARN_COMMA = YES;
				CLANG_WARN_CONSTANT_CONVERSION = YES;
				CLANG_WARN_DEPRECATED_OBJC_IMPLEMENTATIONS = YES;
				CLANG_WARN_DIRECT_OBJC_ISA_USAGE = YES_ERROR;
				CLANG_WARN_DOCUMENTATION_COMMENTS = YES;
				CLANG_WARN_EMPTY_BODY = YES;
				CLANG_WARN_ENUM_CONVERSION = YES;
				CLANG_WARN_INFINITE_RECURSION = YES;
				CLANG_WARN_INT_CONVERSION = YES;
				CLANG_WARN_NON_LITERAL_NULL_CONVERSION = YES;
				CLANG_WARN_OBJC_IMPLICIT_RETAIN_SELF = YES;
				CLANG_WARN_OBJC_LITERAL_CONVERSION = YES;
				CLANG_WARN_OBJC_ROOT_CLASS = YES_ERROR;
				CLANG_WARN_QUOTED_INCLUDE_IN_FRAMEWORK_HEADER = YES;
				CLANG_WARN_RANGE_LOOP_ANALYSIS = YES;
				CLANG_WARN_STRICT_PROTOTYPES = YES;
				CLANG_WARN_SUSPICIOUS_MOVE = YES;
				CLANG_WARN_UNGUARDED_AVAILABILITY = YES_AGGRESSIVE;
				CLANG_WARN_UNREACHABLE_CODE = YES;
				CLANG_WARN__DUPLICATE_METHOD_MATCH = YES;
				COPY_PHASE_STRIP = NO;
				DEBUG_INFORMATION_FORMAT = "dwarf-with-dsym";
				ENABLE_NS_ASSERTIONS = NO;
				ENABLE_STRICT_OBJC_MSGSEND = YES;
				GCC_C_LANGUAGE_STANDARD = gnu11;
				GCC_NO_COMMON_BLOCKS = YES;
				GCC_WARN_64_TO_32_BIT_CONVERSION = YES;
				GCC_WARN_ABOUT_RETURN_TYPE = YES_ERROR;
				GCC_WARN_UNDECLARED_SELECTOR = YES;
				GCC_WARN_UNINITIALIZED_AUTOS = YES_AGGRESSIVE;
				GCC_WARN_UNUSED_FUNCTION = YES;
				GCC_WARN_UNUSED_VARIABLE = YES;
				IPHONEOS_DEPLOYMENT_TARGET = 16.4;
				MTL_ENABLE_DEBUG_INFO = NO;
				MTL_FAST_MATH = YES;
				SDKROOT = iphoneos;
				VALIDATE_PRODUCT = YES;
			};
			name = Release;
		};
		768ECA9A2AF8CE9700CAE74C /* Debug */ = {
			isa = XCBuildConfiguration;
			buildSettings = {
				ASSETCATALOG_COMPILER_APPICON_NAME = AppIcon;
				ASSETCATALOG_COMPILER_GLOBAL_ACCENT_COLOR_NAME = AccentColor;
				CODE_SIGN_STYLE = Automatic;
				CURRENT_PROJECT_VERSION = 1;
				DEVELOPMENT_TEAM = 887S3AQ8HM;
				GENERATE_INFOPLIST_FILE = YES;
				INFOPLIST_FILE = "Obj-C_tutorial/Info.plist";
				INFOPLIST_KEY_UIApplicationSupportsIndirectInputEvents = YES;
				INFOPLIST_KEY_UILaunchStoryboardName = LaunchScreen;
				INFOPLIST_KEY_UIMainStoryboardFile = Main;
				INFOPLIST_KEY_UISupportedInterfaceOrientations_iPad = "UIInterfaceOrientationPortrait UIInterfaceOrientationPortraitUpsideDown UIInterfaceOrientationLandscapeLeft UIInterfaceOrientationLandscapeRight";
				INFOPLIST_KEY_UISupportedInterfaceOrientations_iPhone = "UIInterfaceOrientationPortrait UIInterfaceOrientationLandscapeLeft UIInterfaceOrientationLandscapeRight";
				IPHONEOS_DEPLOYMENT_TARGET = 15.0;
				LD_RUNPATH_SEARCH_PATHS = (
					"$(inherited)",
					"@executable_path/Frameworks",
				);
				MARKETING_VERSION = 1.0;
				PRODUCT_BUNDLE_IDENTIFIER = "com.rlaehgns745.Obj-C-tutorial";
				PRODUCT_NAME = "$(TARGET_NAME)";
				SUPPORTED_PLATFORMS = "iphoneos iphonesimulator";
				SUPPORTS_MACCATALYST = NO;
				SUPPORTS_MAC_DESIGNED_FOR_IPHONE_IPAD = NO;
				SWIFT_EMIT_LOC_STRINGS = YES;
				TARGETED_DEVICE_FAMILY = 1;
			};
			name = Debug;
		};
		768ECA9B2AF8CE9700CAE74C /* Release */ = {
			isa = XCBuildConfiguration;
			buildSettings = {
				ASSETCATALOG_COMPILER_APPICON_NAME = AppIcon;
				ASSETCATALOG_COMPILER_GLOBAL_ACCENT_COLOR_NAME = AccentColor;
				CODE_SIGN_STYLE = Automatic;
				CURRENT_PROJECT_VERSION = 1;
				DEVELOPMENT_TEAM = 887S3AQ8HM;
				GENERATE_INFOPLIST_FILE = YES;
				INFOPLIST_FILE = "Obj-C_tutorial/Info.plist";
				INFOPLIST_KEY_UIApplicationSupportsIndirectInputEvents = YES;
				INFOPLIST_KEY_UILaunchStoryboardName = LaunchScreen;
				INFOPLIST_KEY_UIMainStoryboardFile = Main;
				INFOPLIST_KEY_UISupportedInterfaceOrientations_iPad = "UIInterfaceOrientationPortrait UIInterfaceOrientationPortraitUpsideDown UIInterfaceOrientationLandscapeLeft UIInterfaceOrientationLandscapeRight";
				INFOPLIST_KEY_UISupportedInterfaceOrientations_iPhone = "UIInterfaceOrientationPortrait UIInterfaceOrientationLandscapeLeft UIInterfaceOrientationLandscapeRight";
				IPHONEOS_DEPLOYMENT_TARGET = 15.0;
				LD_RUNPATH_SEARCH_PATHS = (
					"$(inherited)",
					"@executable_path/Frameworks",
				);
				MARKETING_VERSION = 1.0;
				PRODUCT_BUNDLE_IDENTIFIER = "com.rlaehgns745.Obj-C-tutorial";
				PRODUCT_NAME = "$(TARGET_NAME)";
				SUPPORTED_PLATFORMS = "iphoneos iphonesimulator";
				SUPPORTS_MACCATALYST = NO;
				SUPPORTS_MAC_DESIGNED_FOR_IPHONE_IPAD = NO;
				SWIFT_EMIT_LOC_STRINGS = YES;
				TARGETED_DEVICE_FAMILY = 1;
			};
			name = Release;
		};
/* End XCBuildConfiguration section */

/* Begin XCConfigurationList section */
		768ECA7B2AF8CE9600CAE74C /* Build configuration list for PBXProject "Obj-C_tutorial" */ = {
			isa = XCConfigurationList;
			buildConfigurations = (
				768ECA972AF8CE9700CAE74C /* Debug */,
				768ECA982AF8CE9700CAE74C /* Release */,
			);
			defaultConfigurationIsVisible = 0;
			defaultConfigurationName = Release;
		};
		768ECA992AF8CE9700CAE74C /* Build configuration list for PBXNativeTarget "Obj-C_tutorial" */ = {
			isa = XCConfigurationList;
			buildConfigurations = (
				768ECA9A2AF8CE9700CAE74C /* Debug */,
				768ECA9B2AF8CE9700CAE74C /* Release */,
			);
			defaultConfigurationIsVisible = 0;
			defaultConfigurationName = Release;
		};
/* End XCConfigurationList section */
	};
	rootObject = 768ECA782AF8CE9600CAE74C /* Project object */;
}
